
Microsoft Visual Studio Solution File, Format Version 12.00
# Visual Studio Version 17
VisualStudioVersion = 17.0.32014.148
MinimumVisualStudioVersion = 10.0.40219.1
Project("{FAE04EC0-301F-11D3-BF4B-00C04F79EFBC}") = "BattleShip", "BattleShip\BattleShip.csproj", "{01417BE3-248F-4456-9202-EBF31CD778DA}"
EndProject
Global
	GlobalSection(SolutionConfigurationPlatforms) = preSolution
		Debug|Any CPU = Debug|Any CPU
		Release|Any CPU = Release|Any CPU
	EndGlobalSection
	GlobalSection(ProjectConfigurationPlatforms) = postSolution
		{01417BE3-248F-4456-9202-EBF31CD778DA}.Debug|Any CPU.ActiveCfg = Debug|Any CPU
		{01417BE3-248F-4456-9202-EBF31CD778DA}.Debug|Any CPU.Build.0 = Debug|Any CPU
		{01417BE3-248F-4456-9202-EBF31CD778DA}.Release|Any CPU.ActiveCfg = Release|Any CPU
		{01417BE3-248F-4456-9202-EBF31CD778DA}.Release|Any CPU.Build.0 = Release|Any CPU
	EndGlobalSection
	GlobalSection(SolutionProperties) = preSolution
		HideSolutionNode = FALSE
	EndGlobalSection
	GlobalSection(ExtensibilityGlobals) = postSolution
		SolutionGuid = {622486B3-6171-4A8B-BA71-26E5764DFA6E}
	EndGlobalSection
EndGlobal
